PODS:
  - LogFilePod (0.1.0):
    - SSZipArchive (~> 2.4.2)
  - SSZipArchive (2.4.3)

DEPENDENCIES:
  - LogFilePod (from `../`)
  - SSZipArchive (~> 2.4.2)

SPEC REPOS:
  trunk:
    - SSZipArchive

EXTERNAL SOURCES:
  LogFilePod:
    :path: "../"

SPEC CHECKSUMS:
  LogFilePod: 6054c33c355008f90b8a9430679fd69fe3de20e8
  SSZipArchive: fe6a26b2a54d5a0890f2567b5cc6de5caa600aef

PODFILE CHECKSUM: 221ae4aaf2cf762075a1777736da15531859c12b

COCOAPODS: 1.11.2
